
Microsoft Visual Studio Solution File, Format Version 12.00
# Visual Studio Version 17
VisualStudioVersion = 17.0.31903.59
Project("{FAE04EC0-301F-11D3-BF4B-00C04F79EFBC}") = "BlazorNative.Core", "src\BlazorNative.Core\BlazorNative.Core.csproj", "{A1B2C3D4-0001-0001-0001-000000000001}"
EndProject
Project("{FAE04EC0-301F-11D3-BF4B-00C04F79EFBC}") = "BlazorNative.Renderer", "src\BlazorNative.Renderer\BlazorNative.Renderer.csproj", "{A1B2C3D4-0001-0001-0001-000000000005}"
EndProject
Project("{FAE04EC0-301F-11D3-BF4B-00C04F79EFBC}") = "BlazorNative.Http", "src\BlazorNative.Http\BlazorNative.Http.csproj", "{A1B2C3D4-0001-0001-0001-000000000006}"
EndProject
Project("{FAE04EC0-301F-11D3-BF4B-00C04F79EFBC}") = "BlazorNative.Analyzers", "src\BlazorNative.Analyzers\BlazorNative.Analyzers.csproj", "{A1B2C3D4-0001-0001-0001-000000000007}"
EndProject
Project("{2150E333-8FDC-42A3-9474-1A3956D46DE8}") = "tests", "tests", "{0AB3BF05-4346-4AA6-1389-037BE0695223}"
EndProject
Project("{FAE04EC0-301F-11D3-BF4B-00C04F79EFBC}") = "BlazorNative.Renderer.Tests", "tests\BlazorNative.Renderer.Tests\BlazorNative.Renderer.Tests.csproj", "{6FDB2772-30C6-4145-97AD-D8B83591B359}"
EndProject
Project("{2150E333-8FDC-42A3-9474-1A3956D46DE8}") = "src", "src", "{827E0CD3-B72D-47B6-A68D-7590B98EB39B}"
EndProject
Project("{FAE04EC0-301F-11D3-BF4B-00C04F79EFBC}") = "BlazorNative.Analyzers.Tests", "tests\BlazorNative.Analyzers.Tests\BlazorNative.Analyzers.Tests.csproj", "{C1F7764F-4964-4BA9-AE08-659AC760D407}"
EndProject
Project("{FAE04EC0-301F-11D3-BF4B-00C04F79EFBC}") = "BlazorNative.Runtime", "src\BlazorNative.Runtime\BlazorNative.Runtime.csproj", "{5486B921-1D3F-4054-9C55-9EF13A4C9900}"
EndProject
Project("{FAE04EC0-301F-11D3-BF4B-00C04F79EFBC}") = "BlazorNative.Runtime.Tests", "tests\BlazorNative.Runtime.Tests\BlazorNative.Runtime.Tests.csproj", "{7BE83DE1-37F0-429F-9591-353981A63503}"
EndProject
Project("{FAE04EC0-301F-11D3-BF4B-00C04F79EFBC}") = "BlazorNative.Components", "src\BlazorNative.Components\BlazorNative.Components.csproj", "{E12E39E0-17DC-4AB3-BBEF-5E946555E930}"
EndProject
Project("{2150E333-8FDC-42A3-9474-1A3956D46DE8}") = "samples", "samples", "{5D20AA90-6969-D8BD-9DCD-8634F4692FDA}"
EndProject
Project("{FAE04EC0-301F-11D3-BF4B-00C04F79EFBC}") = "BlazorNative.SampleApp", "samples\BlazorNative.SampleApp\BlazorNative.SampleApp.csproj", "{DBA74362-8CCF-455B-938E-A21102AE6D39}"
EndProject
Project("{FAE04EC0-301F-11D3-BF4B-00C04F79EFBC}") = "BlazorNative.Device", "src\BlazorNative.Device\BlazorNative.Device.csproj", "{889C650E-F8E9-4B4F-995D-49CBF9E4D56B}"
EndProject
Project("{2150E333-8FDC-42A3-9474-1A3956D46DE8}") = "tools", "tools", "{07C2787E-EAC7-C090-1BA3-A61EC2A24D84}"
EndProject
Project("{FAE04EC0-301F-11D3-BF4B-00C04F79EFBC}") = "BlazorNative.RouteGen", "tools\BlazorNative.RouteGen\BlazorNative.RouteGen.csproj", "{2CD1D9AB-D36E-4442-8DD0-18CD1F3E62BA}"
EndProject
Global
	GlobalSection(SolutionConfigurationPlatforms) = preSolution
		Debug|Any CPU = Debug|Any CPU
		Debug|x64 = Debug|x64
		Debug|x86 = Debug|x86
		Release|Any CPU = Release|Any CPU
		Release|x64 = Release|x64
		Release|x86 = Release|x86
	EndGlobalSection
	GlobalSection(ProjectConfigurationPlatforms) = postSolution
		{A1B2C3D4-0001-0001-0001-000000000001}.Debug|Any CPU.ActiveCfg = Debug|Any CPU
		{A1B2C3D4-0001-0001-0001-000000000001}.Debug|Any CPU.Build.0 = Debug|Any CPU
		{A1B2C3D4-0001-0001-0001-000000000001}.Debug|x64.ActiveCfg = Debug|Any CPU
		{A1B2C3D4-0001-0001-0001-000000000001}.Debug|x64.Build.0 = Debug|Any CPU
		{A1B2C3D4-0001-0001-0001-000000000001}.Debug|x86.ActiveCfg = Debug|Any CPU
		{A1B2C3D4-0001-0001-0001-000000000001}.Debug|x86.Build.0 = Debug|Any CPU
		{A1B2C3D4-0001-0001-0001-000000000001}.Release|Any CPU.ActiveCfg = Release|Any CPU
		{A1B2C3D4-0001-0001-0001-000000000001}.Release|Any CPU.Build.0 = Release|Any CPU
		{A1B2C3D4-0001-0001-0001-000000000001}.Release|x64.ActiveCfg = Release|Any CPU
		{A1B2C3D4-0001-0001-0001-000000000001}.Release|x64.Build.0 = Release|Any CPU
		{A1B2C3D4-0001-0001-0001-000000000001}.Release|x86.ActiveCfg = Release|Any CPU
		{A1B2C3D4-0001-0001-0001-000000000001}.Release|x86.Build.0 = Release|Any CPU
		{A1B2C3D4-0001-0001-0001-000000000005}.Debug|Any CPU.ActiveCfg = Debug|Any CPU
		{A1B2C3D4-0001-0001-0001-000000000005}.Debug|Any CPU.Build.0 = Debug|Any CPU
		{A1B2C3D4-0001-0001-0001-000000000005}.Debug|x64.ActiveCfg = Debug|Any CPU
		{A1B2C3D4-0001-0001-0001-000000000005}.Debug|x64.Build.0 = Debug|Any CPU
		{A1B2C3D4-0001-0001-0001-000000000005}.Debug|x86.ActiveCfg = Debug|Any CPU
		{A1B2C3D4-0001-0001-0001-000000000005}.Debug|x86.Build.0 = Debug|Any CPU
		{A1B2C3D4-0001-0001-0001-000000000005}.Release|Any CPU.ActiveCfg = Release|Any CPU
		{A1B2C3D4-0001-0001-0001-000000000005}.Release|Any CPU.Build.0 = Release|Any CPU
		{A1B2C3D4-0001-0001-0001-000000000005}.Release|x64.ActiveCfg = Release|Any CPU
		{A1B2C3D4-0001-0001-0001-000000000005}.Release|x64.Build.0 = Release|Any CPU
		{A1B2C3D4-0001-0001-0001-000000000005}.Release|x86.ActiveCfg = Release|Any CPU
		{A1B2C3D4-0001-0001-0001-000000000005}.Release|x86.Build.0 = Release|Any CPU
		{A1B2C3D4-0001-0001-0001-000000000006}.Debug|Any CPU.ActiveCfg = Debug|Any CPU
		{A1B2C3D4-0001-0001-0001-000000000006}.Debug|Any CPU.Build.0 = Debug|Any CPU
		{A1B2C3D4-0001-0001-0001-000000000006}.Debug|x64.ActiveCfg = Debug|Any CPU
		{A1B2C3D4-0001-0001-0001-000000000006}.Debug|x64.Build.0 = Debug|Any CPU
		{A1B2C3D4-0001-0001-0001-000000000006}.Debug|x86.ActiveCfg = Debug|Any CPU
		{A1B2C3D4-0001-0001-0001-000000000006}.Debug|x86.Build.0 = Debug|Any CPU
		{A1B2C3D4-0001-0001-0001-000000000006}.Release|Any CPU.ActiveCfg = Release|Any CPU
		{A1B2C3D4-0001-0001-0001-000000000006}.Release|Any CPU.Build.0 = Release|Any CPU
		{A1B2C3D4-0001-0001-0001-000000000006}.Release|x64.ActiveCfg = Release|Any CPU
		{A1B2C3D4-0001-0001-0001-000000000006}.Release|x64.Build.0 = Release|Any CPU
		{A1B2C3D4-0001-0001-0001-000000000006}.Release|x86.ActiveCfg = Release|Any CPU
		{A1B2C3D4-0001-0001-0001-000000000006}.Release|x86.Build.0 = Release|Any CPU
		{A1B2C3D4-0001-0001-0001-000000000007}.Debug|Any CPU.ActiveCfg = Debug|Any CPU
		{A1B2C3D4-0001-0001-0001-000000000007}.Debug|Any CPU.Build.0 = Debug|Any CPU
		{A1B2C3D4-0001-0001-0001-000000000007}.Debug|x64.ActiveCfg = Debug|Any CPU
		{A1B2C3D4-0001-0001-0001-000000000007}.Debug|x64.Build.0 = Debug|Any CPU
		{A1B2C3D4-0001-0001-0001-000000000007}.Debug|x86.ActiveCfg = Debug|Any CPU
		{A1B2C3D4-0001-0001-0001-000000000007}.Debug|x86.Build.0 = Debug|Any CPU
		{A1B2C3D4-0001-0001-0001-000000000007}.Release|Any CPU.ActiveCfg = Release|Any CPU
		{A1B2C3D4-0001-0001-0001-000000000007}.Release|Any CPU.Build.0 = Release|Any CPU
		{A1B2C3D4-0001-0001-0001-000000000007}.Release|x64.ActiveCfg = Release|Any CPU
		{A1B2C3D4-0001-0001-0001-000000000007}.Release|x64.Build.0 = Release|Any CPU
		{A1B2C3D4-0001-0001-0001-000000000007}.Release|x86.ActiveCfg = Release|Any CPU
		{A1B2C3D4-0001-0001-0001-000000000007}.Release|x86.Build.0 = Release|Any CPU
		{6FDB2772-30C6-4145-97AD-D8B83591B359}.Debug|Any CPU.ActiveCfg = Debug|Any CPU
		{6FDB2772-30C6-4145-97AD-D8B83591B359}.Debug|Any CPU.Build.0 = Debug|Any CPU
		{6FDB2772-30C6-4145-97AD-D8B83591B359}.Debug|x64.ActiveCfg = Debug|Any CPU
		{6FDB2772-30C6-4145-97AD-D8B83591B359}.Debug|x64.Build.0 = Debug|Any CPU
		{6FDB2772-30C6-4145-97AD-D8B83591B359}.Debug|x86.ActiveCfg = Debug|Any CPU
		{6FDB2772-30C6-4145-97AD-D8B83591B359}.Debug|x86.Build.0 = Debug|Any CPU
		{6FDB2772-30C6-4145-97AD-D8B83591B359}.Release|Any CPU.ActiveCfg = Release|Any CPU
		{6FDB2772-30C6-4145-97AD-D8B83591B359}.Release|Any CPU.Build.0 = Release|Any CPU
		{6FDB2772-30C6-4145-97AD-D8B83591B359}.Release|x64.ActiveCfg = Release|Any CPU
		{6FDB2772-30C6-4145-97AD-D8B83591B359}.Release|x64.Build.0 = Release|Any CPU
		{6FDB2772-30C6-4145-97AD-D8B83591B359}.Release|x86.ActiveCfg = Release|Any CPU
		{6FDB2772-30C6-4145-97AD-D8B83591B359}.Release|x86.Build.0 = Release|Any CPU
		{C1F7764F-4964-4BA9-AE08-659AC760D407}.Debug|Any CPU.ActiveCfg = Debug|Any CPU
		{C1F7764F-4964-4BA9-AE08-659AC760D407}.Debug|Any CPU.Build.0 = Debug|Any CPU
		{C1F7764F-4964-4BA9-AE08-659AC760D407}.Debug|x64.ActiveCfg = Debug|Any CPU
		{C1F7764F-4964-4BA9-AE08-659AC760D407}.Debug|x64.Build.0 = Debug|Any CPU
		{C1F7764F-4964-4BA9-AE08-659AC760D407}.Debug|x86.ActiveCfg = Debug|Any CPU
		{C1F7764F-4964-4BA9-AE08-659AC760D407}.Debug|x86.Build.0 = Debug|Any CPU
		{C1F7764F-4964-4BA9-AE08-659AC760D407}.Release|Any CPU.ActiveCfg = Release|Any CPU
		{C1F7764F-4964-4BA9-AE08-659AC760D407}.Release|Any CPU.Build.0 = Release|Any CPU
		{C1F7764F-4964-4BA9-AE08-659AC760D407}.Release|x64.ActiveCfg = Release|Any CPU
		{C1F7764F-4964-4BA9-AE08-659AC760D407}.Release|x64.Build.0 = Release|Any CPU
		{C1F7764F-4964-4BA9-AE08-659AC760D407}.Release|x86.ActiveCfg = Release|Any CPU
		{C1F7764F-4964-4BA9-AE08-659AC760D407}.Release|x86.Build.0 = Release|Any CPU
		{5486B921-1D3F-4054-9C55-9EF13A4C9900}.Debug|Any CPU.ActiveCfg = Debug|Any CPU
		{5486B921-1D3F-4054-9C55-9EF13A4C9900}.Debug|Any CPU.Build.0 = Debug|Any CPU
		{5486B921-1D3F-4054-9C55-9EF13A4C9900}.Debug|x64.ActiveCfg = Debug|Any CPU
		{5486B921-1D3F-4054-9C55-9EF13A4C9900}.Debug|x64.Build.0 = Debug|Any CPU
		{5486B921-1D3F-4054-9C55-9EF13A4C9900}.Debug|x86.ActiveCfg = Debug|Any CPU
		{5486B921-1D3F-4054-9C55-9EF13A4C9900}.Debug|x86.Build.0 = Debug|Any CPU
		{5486B921-1D3F-4054-9C55-9EF13A4C9900}.Release|Any CPU.ActiveCfg = Release|Any CPU
		{5486B921-1D3F-4054-9C55-9EF13A4C9900}.Release|Any CPU.Build.0 = Release|Any CPU
		{5486B921-1D3F-4054-9C55-9EF13A4C9900}.Release|x64.ActiveCfg = Release|Any CPU
		{5486B921-1D3F-4054-9C55-9EF13A4C9900}.Release|x64.Build.0 = Release|Any CPU
		{5486B921-1D3F-4054-9C55-9EF13A4C9900}.Release|x86.ActiveCfg = Release|Any CPU
		{5486B921-1D3F-4054-9C55-9EF13A4C9900}.Release|x86.Build.0 = Release|Any CPU
		{7BE83DE1-37F0-429F-9591-353981A63503}.Debug|Any CPU.ActiveCfg = Debug|Any CPU
		{7BE83DE1-37F0-429F-9591-353981A63503}.Debug|Any CPU.Build.0 = Debug|Any CPU
		{7BE83DE1-37F0-429F-9591-353981A63503}.Debug|x64.ActiveCfg = Debug|Any CPU
		{7BE83DE1-37F0-429F-9591-353981A63503}.Debug|x64.Build.0 = Debug|Any CPU
		{7BE83DE1-37F0-429F-9591-353981A63503}.Debug|x86.ActiveCfg = Debug|Any CPU
		{7BE83DE1-37F0-429F-9591-353981A63503}.Debug|x86.Build.0 = Debug|Any CPU
		{7BE83DE1-37F0-429F-9591-353981A63503}.Release|Any CPU.ActiveCfg = Release|Any CPU
		{7BE83DE1-37F0-429F-9591-353981A63503}.Release|Any CPU.Build.0 = Release|Any CPU
		{7BE83DE1-37F0-429F-9591-353981A63503}.Release|x64.ActiveCfg = Release|Any CPU
		{7BE83DE1-37F0-429F-9591-353981A63503}.Release|x64.Build.0 = Release|Any CPU
		{7BE83DE1-37F0-429F-9591-353981A63503}.Release|x86.ActiveCfg = Release|Any CPU
		{7BE83DE1-37F0-429F-9591-353981A63503}.Release|x86.Build.0 = Release|Any CPU
		{E12E39E0-17DC-4AB3-BBEF-5E946555E930}.Debug|Any CPU.ActiveCfg = Debug|Any CPU
		{E12E39E0-17DC-4AB3-BBEF-5E946555E930}.Debug|Any CPU.Build.0 = Debug|Any CPU
		{E12E39E0-17DC-4AB3-BBEF-5E946555E930}.Debug|x64.ActiveCfg = Debug|Any CPU
		{E12E39E0-17DC-4AB3-BBEF-5E946555E930}.Debug|x64.Build.0 = Debug|Any CPU
		{E12E39E0-17DC-4AB3-BBEF-5E946555E930}.Debug|x86.ActiveCfg = Debug|Any CPU
		{E12E39E0-17DC-4AB3-BBEF-5E946555E930}.Debug|x86.Build.0 = Debug|Any CPU
		{E12E39E0-17DC-4AB3-BBEF-5E946555E930}.Release|Any CPU.ActiveCfg = Release|Any CPU
		{E12E39E0-17DC-4AB3-BBEF-5E946555E930}.Release|Any CPU.Build.0 = Release|Any CPU
		{E12E39E0-17DC-4AB3-BBEF-5E946555E930}.Release|x64.ActiveCfg = Release|Any CPU
		{E12E39E0-17DC-4AB3-BBEF-5E946555E930}.Release|x64.Build.0 = Release|Any CPU
		{E12E39E0-17DC-4AB3-BBEF-5E946555E930}.Release|x86.ActiveCfg = Release|Any CPU
		{E12E39E0-17DC-4AB3-BBEF-5E946555E930}.Release|x86.Build.0 = Release|Any CPU
		{DBA74362-8CCF-455B-938E-A21102AE6D39}.Debug|Any CPU.ActiveCfg = Debug|Any CPU
		{DBA74362-8CCF-455B-938E-A21102AE6D39}.Debug|Any CPU.Build.0 = Debug|Any CPU
		{DBA74362-8CCF-455B-938E-A21102AE6D39}.Debug|x64.ActiveCfg = Debug|Any CPU
		{DBA74362-8CCF-455B-938E-A21102AE6D39}.Debug|x64.Build.0 = Debug|Any CPU
		{DBA74362-8CCF-455B-938E-A21102AE6D39}.Debug|x86.ActiveCfg = Debug|Any CPU
		{DBA74362-8CCF-455B-938E-A21102AE6D39}.Debug|x86.Build.0 = Debug|Any CPU
		{DBA74362-8CCF-455B-938E-A21102AE6D39}.Release|Any CPU.ActiveCfg = Release|Any CPU
		{DBA74362-8CCF-455B-938E-A21102AE6D39}.Release|Any CPU.Build.0 = Release|Any CPU
		{DBA74362-8CCF-455B-938E-A21102AE6D39}.Release|x64.ActiveCfg = Release|Any CPU
		{DBA74362-8CCF-455B-938E-A21102AE6D39}.Release|x64.Build.0 = Release|Any CPU
		{DBA74362-8CCF-455B-938E-A21102AE6D39}.Release|x86.ActiveCfg = Release|Any CPU
		{DBA74362-8CCF-455B-938E-A21102AE6D39}.Release|x86.Build.0 = Release|Any CPU
		{889C650E-F8E9-4B4F-995D-49CBF9E4D56B}.Debug|Any CPU.ActiveCfg = Debug|Any CPU
		{889C650E-F8E9-4B4F-995D-49CBF9E4D56B}.Debug|Any CPU.Build.0 = Debug|Any CPU
		{889C650E-F8E9-4B4F-995D-49CBF9E4D56B}.Debug|x64.ActiveCfg = Debug|Any CPU
		{889C650E-F8E9-4B4F-995D-49CBF9E4D56B}.Debug|x64.Build.0 = Debug|Any CPU
		{889C650E-F8E9-4B4F-995D-49CBF9E4D56B}.Debug|x86.ActiveCfg = Debug|Any CPU
		{889C650E-F8E9-4B4F-995D-49CBF9E4D56B}.Debug|x86.Build.0 = Debug|Any CPU
		{889C650E-F8E9-4B4F-995D-49CBF9E4D56B}.Release|Any CPU.ActiveCfg = Release|Any CPU
		{889C650E-F8E9-4B4F-995D-49CBF9E4D56B}.Release|Any CPU.Build.0 = Release|Any CPU
		{889C650E-F8E9-4B4F-995D-49CBF9E4D56B}.Release|x64.ActiveCfg = Release|Any CPU
		{889C650E-F8E9-4B4F-995D-49CBF9E4D56B}.Release|x64.Build.0 = Release|Any CPU
		{889C650E-F8E9-4B4F-995D-49CBF9E4D56B}.Release|x86.ActiveCfg = Release|Any CPU
		{889C650E-F8E9-4B4F-995D-49CBF9E4D56B}.Release|x86.Build.0 = Release|Any CPU
		{2CD1D9AB-D36E-4442-8DD0-18CD1F3E62BA}.Debug|Any CPU.ActiveCfg = Debug|Any CPU
		{2CD1D9AB-D36E-4442-8DD0-18CD1F3E62BA}.Debug|Any CPU.Build.0 = Debug|Any CPU
		{2CD1D9AB-D36E-4442-8DD0-18CD1F3E62BA}.Debug|x64.ActiveCfg = Debug|Any CPU
		{2CD1D9AB-D36E-4442-8DD0-18CD1F3E62BA}.Debug|x64.Build.0 = Debug|Any CPU
		{2CD1D9AB-D36E-4442-8DD0-18CD1F3E62BA}.Debug|x86.ActiveCfg = Debug|Any CPU
		{2CD1D9AB-D36E-4442-8DD0-18CD1F3E62BA}.Debug|x86.Build.0 = Debug|Any CPU
		{2CD1D9AB-D36E-4442-8DD0-18CD1F3E62BA}.Release|Any CPU.ActiveCfg = Release|Any CPU
		{2CD1D9AB-D36E-4442-8DD0-18CD1F3E62BA}.Release|Any CPU.Build.0 = Release|Any CPU
		{2CD1D9AB-D36E-4442-8DD0-18CD1F3E62BA}.Release|x64.ActiveCfg = Release|Any CPU
		{2CD1D9AB-D36E-4442-8DD0-18CD1F3E62BA}.Release|x64.Build.0 = Release|Any CPU
		{2CD1D9AB-D36E-4442-8DD0-18CD1F3E62BA}.Release|x86.ActiveCfg = Release|Any CPU
		{2CD1D9AB-D36E-4442-8DD0-18CD1F3E62BA}.Release|x86.Build.0 = Release|Any CPU
	EndGlobalSection
	GlobalSection(SolutionProperties) = preSolution
		HideSolutionNode = FALSE
	EndGlobalSection
	GlobalSection(NestedProjects) = preSolution
		{6FDB2772-30C6-4145-97AD-D8B83591B359} = {0AB3BF05-4346-4AA6-1389-037BE0695223}
		{C1F7764F-4964-4BA9-AE08-659AC760D407} = {0AB3BF05-4346-4AA6-1389-037BE0695223}
		{5486B921-1D3F-4054-9C55-9EF13A4C9900} = {827E0CD3-B72D-47B6-A68D-7590B98EB39B}
		{7BE83DE1-37F0-429F-9591-353981A63503} = {0AB3BF05-4346-4AA6-1389-037BE0695223}
		{E12E39E0-17DC-4AB3-BBEF-5E946555E930} = {827E0CD3-B72D-47B6-A68D-7590B98EB39B}
		{DBA74362-8CCF-455B-938E-A21102AE6D39} = {5D20AA90-6969-D8BD-9DCD-8634F4692FDA}
		{889C650E-F8E9-4B4F-995D-49CBF9E4D56B} = {827E0CD3-B72D-47B6-A68D-7590B98EB39B}
		{2CD1D9AB-D36E-4442-8DD0-18CD1F3E62BA} = {07C2787E-EAC7-C090-1BA3-A61EC2A24D84}
	EndGlobalSection
EndGlobal
