
Microsoft Visual Studio Solution File, Format Version 12.00
# Visual Studio Version 17
VisualStudioVersion = 17.0.31903.59
Project("{FAE04EC0-301F-11D3-BF4B-00C04F79EFBC}") = "BlazorNative.Core", "src\BlazorNative.Core\BlazorNative.Core.csproj", "{A1B2C3D4-0001-0001-0001-000000000001}"
EndProject
Project("{FAE04EC0-301F-11D3-BF4B-00C04F79EFBC}") = "BlazorNative.Blazor", "src\BlazorNative.Blazor\BlazorNative.Blazor.csproj", "{A1B2C3D4-0001-0001-0001-000000000003}"
EndProject
Project("{FAE04EC0-301F-11D3-BF4B-00C04F79EFBC}") = "BlazorNative.DevHost", "src\BlazorNative.Host.Android\BlazorNative.DevHost.csproj", "{A1B2C3D4-0001-0001-0001-000000000004}"
EndProject
Project("{FAE04EC0-301F-11D3-BF4B-00C04F79EFBC}") = "BlazorNative.Renderer", "src\BlazorNative.Renderer\BlazorNative.Renderer.csproj", "{A1B2C3D4-0001-0001-0001-000000000005}"
EndProject
Project("{FAE04EC0-301F-11D3-BF4B-00C04F79EFBC}") = "BlazorNative.Http", "src\BlazorNative.Http\BlazorNative.Http.csproj", "{A1B2C3D4-0001-0001-0001-000000000006}"
EndProject
Project("{FAE04EC0-301F-11D3-BF4B-00C04F79EFBC}") = "BlazorNative.Analyzers", "src\BlazorNative.Analyzers\BlazorNative.Analyzers.csproj", "{A1B2C3D4-0001-0001-0001-000000000007}"
EndProject
Project("{2150E333-8FDC-42A3-9474-1A3956D46DE8}") = "tests", "tests", "{0AB3BF05-4346-4AA6-1389-037BE0695223}"
EndProject
Project("{FAE04EC0-301F-11D3-BF4B-00C04F79EFBC}") = "BlazorNative.Renderer.Tests", "tests\BlazorNative.Renderer.Tests\BlazorNative.Renderer.Tests.csproj", "{6FDB2772-30C6-4145-97AD-D8B83591B359}"
EndProject
Project("{2150E333-8FDC-42A3-9474-1A3956D46DE8}") = "src", "src", "{827E0CD3-B72D-47B6-A68D-7590B98EB39B}"
EndProject
Project("{FAE04EC0-301F-11D3-BF4B-00C04F79EFBC}") = "BlazorNative.WasiHost", "src\BlazorNative.WasiHost\BlazorNative.WasiHost.csproj", "{8A66D923-E9F1-4E3B-AA42-6353C318EC6A}"
EndProject
Project("{FAE04EC0-301F-11D3-BF4B-00C04F79EFBC}") = "BlazorNative.Wasi.Tests", "tests\BlazorNative.Wasi.Tests\BlazorNative.Wasi.Tests.csproj", "{682E1506-A72E-4616-95AA-005386A5FDDA}"
EndProject
Project("{FAE04EC0-301F-11D3-BF4B-00C04F79EFBC}") = "BlazorNative.Analyzers.Tests", "tests\BlazorNative.Analyzers.Tests\BlazorNative.Analyzers.Tests.csproj", "{C1F7764F-4964-4BA9-AE08-659AC760D407}"
EndProject
Project("{FAE04EC0-301F-11D3-BF4B-00C04F79EFBC}") = "BlazorNative.NativeHost", "src\BlazorNative.NativeHost\BlazorNative.NativeHost.csproj", "{5486B921-1D3F-4054-9C55-9EF13A4C9900}"
EndProject
Project("{FAE04EC0-301F-11D3-BF4B-00C04F79EFBC}") = "BlazorNative.Runtime.Tests", "tests\BlazorNative.Runtime.Tests\BlazorNative.Runtime.Tests.csproj", "{7BE83DE1-37F0-429F-9591-353981A63503}"
EndProject
Global
	GlobalSection(SolutionConfigurationPlatforms) = preSolution
		Debug|Any CPU = Debug|Any CPU
		Debug|x64 = Debug|x64
		Debug|x86 = Debug|x86
		Release|Any CPU = Release|Any CPU
		Release|x64 = Release|x64
		Release|x86 = Release|x86
		WASI|Any CPU = WASI|Any CPU
		WASI|x64 = WASI|x64
		WASI|x86 = WASI|x86
	EndGlobalSection
	GlobalSection(ProjectConfigurationPlatforms) = postSolution
		{A1B2C3D4-0001-0001-0001-000000000001}.Debug|Any CPU.ActiveCfg = Debug|Any CPU
		{A1B2C3D4-0001-0001-0001-000000000001}.Debug|Any CPU.Build.0 = Debug|Any CPU
		{A1B2C3D4-0001-0001-0001-000000000001}.Debug|x64.ActiveCfg = Debug|Any CPU
		{A1B2C3D4-0001-0001-0001-000000000001}.Debug|x64.Build.0 = Debug|Any CPU
		{A1B2C3D4-0001-0001-0001-000000000001}.Debug|x86.ActiveCfg = Debug|Any CPU
		{A1B2C3D4-0001-0001-0001-000000000001}.Debug|x86.Build.0 = Debug|Any CPU
		{A1B2C3D4-0001-0001-0001-000000000001}.Release|Any CPU.ActiveCfg = Release|Any CPU
		{A1B2C3D4-0001-0001-0001-000000000001}.Release|Any CPU.Build.0 = Release|Any CPU
		{A1B2C3D4-0001-0001-0001-000000000001}.Release|x64.ActiveCfg = Release|Any CPU
		{A1B2C3D4-0001-0001-0001-000000000001}.Release|x64.Build.0 = Release|Any CPU
		{A1B2C3D4-0001-0001-0001-000000000001}.Release|x86.ActiveCfg = Release|Any CPU
		{A1B2C3D4-0001-0001-0001-000000000001}.Release|x86.Build.0 = Release|Any CPU
		{A1B2C3D4-0001-0001-0001-000000000001}.WASI|Any CPU.ActiveCfg = WASI|Any CPU
		{A1B2C3D4-0001-0001-0001-000000000001}.WASI|Any CPU.Build.0 = WASI|Any CPU
		{A1B2C3D4-0001-0001-0001-000000000001}.WASI|x64.ActiveCfg = WASI|Any CPU
		{A1B2C3D4-0001-0001-0001-000000000001}.WASI|x64.Build.0 = WASI|Any CPU
		{A1B2C3D4-0001-0001-0001-000000000001}.WASI|x86.ActiveCfg = WASI|Any CPU
		{A1B2C3D4-0001-0001-0001-000000000001}.WASI|x86.Build.0 = WASI|Any CPU
		{A1B2C3D4-0001-0001-0001-000000000003}.Debug|Any CPU.ActiveCfg = Debug|Any CPU
		{A1B2C3D4-0001-0001-0001-000000000003}.Debug|Any CPU.Build.0 = Debug|Any CPU
		{A1B2C3D4-0001-0001-0001-000000000003}.Debug|x64.ActiveCfg = Debug|Any CPU
		{A1B2C3D4-0001-0001-0001-000000000003}.Debug|x64.Build.0 = Debug|Any CPU
		{A1B2C3D4-0001-0001-0001-000000000003}.Debug|x86.ActiveCfg = Debug|Any CPU
		{A1B2C3D4-0001-0001-0001-000000000003}.Debug|x86.Build.0 = Debug|Any CPU
		{A1B2C3D4-0001-0001-0001-000000000003}.Release|Any CPU.ActiveCfg = Release|Any CPU
		{A1B2C3D4-0001-0001-0001-000000000003}.Release|Any CPU.Build.0 = Release|Any CPU
		{A1B2C3D4-0001-0001-0001-000000000003}.Release|x64.ActiveCfg = Release|Any CPU
		{A1B2C3D4-0001-0001-0001-000000000003}.Release|x64.Build.0 = Release|Any CPU
		{A1B2C3D4-0001-0001-0001-000000000003}.Release|x86.ActiveCfg = Release|Any CPU
		{A1B2C3D4-0001-0001-0001-000000000003}.Release|x86.Build.0 = Release|Any CPU
		{A1B2C3D4-0001-0001-0001-000000000003}.WASI|Any CPU.ActiveCfg = WASI|Any CPU
		{A1B2C3D4-0001-0001-0001-000000000003}.WASI|Any CPU.Build.0 = WASI|Any CPU
		{A1B2C3D4-0001-0001-0001-000000000003}.WASI|x64.ActiveCfg = WASI|Any CPU
		{A1B2C3D4-0001-0001-0001-000000000003}.WASI|x64.Build.0 = WASI|Any CPU
		{A1B2C3D4-0001-0001-0001-000000000003}.WASI|x86.ActiveCfg = WASI|Any CPU
		{A1B2C3D4-0001-0001-0001-000000000003}.WASI|x86.Build.0 = WASI|Any CPU
		{A1B2C3D4-0001-0001-0001-000000000004}.Debug|Any CPU.ActiveCfg = Debug|Any CPU
		{A1B2C3D4-0001-0001-0001-000000000004}.Debug|Any CPU.Build.0 = Debug|Any CPU
		{A1B2C3D4-0001-0001-0001-000000000004}.Debug|x64.ActiveCfg = Debug|Any CPU
		{A1B2C3D4-0001-0001-0001-000000000004}.Debug|x64.Build.0 = Debug|Any CPU
		{A1B2C3D4-0001-0001-0001-000000000004}.Debug|x86.ActiveCfg = Debug|Any CPU
		{A1B2C3D4-0001-0001-0001-000000000004}.Debug|x86.Build.0 = Debug|Any CPU
		{A1B2C3D4-0001-0001-0001-000000000004}.Release|Any CPU.ActiveCfg = Release|Any CPU
		{A1B2C3D4-0001-0001-0001-000000000004}.Release|Any CPU.Build.0 = Release|Any CPU
		{A1B2C3D4-0001-0001-0001-000000000004}.Release|x64.ActiveCfg = Release|Any CPU
		{A1B2C3D4-0001-0001-0001-000000000004}.Release|x64.Build.0 = Release|Any CPU
		{A1B2C3D4-0001-0001-0001-000000000004}.Release|x86.ActiveCfg = Release|Any CPU
		{A1B2C3D4-0001-0001-0001-000000000004}.Release|x86.Build.0 = Release|Any CPU
		{A1B2C3D4-0001-0001-0001-000000000004}.WASI|Any CPU.ActiveCfg = WASI|Any CPU
		{A1B2C3D4-0001-0001-0001-000000000004}.WASI|Any CPU.Build.0 = WASI|Any CPU
		{A1B2C3D4-0001-0001-0001-000000000004}.WASI|x64.ActiveCfg = WASI|Any CPU
		{A1B2C3D4-0001-0001-0001-000000000004}.WASI|x64.Build.0 = WASI|Any CPU
		{A1B2C3D4-0001-0001-0001-000000000004}.WASI|x86.ActiveCfg = WASI|Any CPU
		{A1B2C3D4-0001-0001-0001-000000000004}.WASI|x86.Build.0 = WASI|Any CPU
		{A1B2C3D4-0001-0001-0001-000000000005}.Debug|Any CPU.ActiveCfg = Debug|Any CPU
		{A1B2C3D4-0001-0001-0001-000000000005}.Debug|Any CPU.Build.0 = Debug|Any CPU
		{A1B2C3D4-0001-0001-0001-000000000005}.Debug|x64.ActiveCfg = Debug|Any CPU
		{A1B2C3D4-0001-0001-0001-000000000005}.Debug|x64.Build.0 = Debug|Any CPU
		{A1B2C3D4-0001-0001-0001-000000000005}.Debug|x86.ActiveCfg = Debug|Any CPU
		{A1B2C3D4-0001-0001-0001-000000000005}.Debug|x86.Build.0 = Debug|Any CPU
		{A1B2C3D4-0001-0001-0001-000000000005}.Release|Any CPU.ActiveCfg = Release|Any CPU
		{A1B2C3D4-0001-0001-0001-000000000005}.Release|Any CPU.Build.0 = Release|Any CPU
		{A1B2C3D4-0001-0001-0001-000000000005}.Release|x64.ActiveCfg = Release|Any CPU
		{A1B2C3D4-0001-0001-0001-000000000005}.Release|x64.Build.0 = Release|Any CPU
		{A1B2C3D4-0001-0001-0001-000000000005}.Release|x86.ActiveCfg = Release|Any CPU
		{A1B2C3D4-0001-0001-0001-000000000005}.Release|x86.Build.0 = Release|Any CPU
		{A1B2C3D4-0001-0001-0001-000000000005}.WASI|Any CPU.ActiveCfg = WASI|Any CPU
		{A1B2C3D4-0001-0001-0001-000000000005}.WASI|Any CPU.Build.0 = WASI|Any CPU
		{A1B2C3D4-0001-0001-0001-000000000005}.WASI|x64.ActiveCfg = WASI|Any CPU
		{A1B2C3D4-0001-0001-0001-000000000005}.WASI|x64.Build.0 = WASI|Any CPU
		{A1B2C3D4-0001-0001-0001-000000000005}.WASI|x86.ActiveCfg = WASI|Any CPU
		{A1B2C3D4-0001-0001-0001-000000000005}.WASI|x86.Build.0 = WASI|Any CPU
		{A1B2C3D4-0001-0001-0001-000000000006}.Debug|Any CPU.ActiveCfg = Debug|Any CPU
		{A1B2C3D4-0001-0001-0001-000000000006}.Debug|Any CPU.Build.0 = Debug|Any CPU
		{A1B2C3D4-0001-0001-0001-000000000006}.Debug|x64.ActiveCfg = Debug|Any CPU
		{A1B2C3D4-0001-0001-0001-000000000006}.Debug|x64.Build.0 = Debug|Any CPU
		{A1B2C3D4-0001-0001-0001-000000000006}.Debug|x86.ActiveCfg = Debug|Any CPU
		{A1B2C3D4-0001-0001-0001-000000000006}.Debug|x86.Build.0 = Debug|Any CPU
		{A1B2C3D4-0001-0001-0001-000000000006}.Release|Any CPU.ActiveCfg = Release|Any CPU
		{A1B2C3D4-0001-0001-0001-000000000006}.Release|Any CPU.Build.0 = Release|Any CPU
		{A1B2C3D4-0001-0001-0001-000000000006}.Release|x64.ActiveCfg = Release|Any CPU
		{A1B2C3D4-0001-0001-0001-000000000006}.Release|x64.Build.0 = Release|Any CPU
		{A1B2C3D4-0001-0001-0001-000000000006}.Release|x86.ActiveCfg = Release|Any CPU
		{A1B2C3D4-0001-0001-0001-000000000006}.Release|x86.Build.0 = Release|Any CPU
		{A1B2C3D4-0001-0001-0001-000000000006}.WASI|Any CPU.ActiveCfg = WASI|Any CPU
		{A1B2C3D4-0001-0001-0001-000000000006}.WASI|Any CPU.Build.0 = WASI|Any CPU
		{A1B2C3D4-0001-0001-0001-000000000006}.WASI|x64.ActiveCfg = WASI|Any CPU
		{A1B2C3D4-0001-0001-0001-000000000006}.WASI|x64.Build.0 = WASI|Any CPU
		{A1B2C3D4-0001-0001-0001-000000000006}.WASI|x86.ActiveCfg = WASI|Any CPU
		{A1B2C3D4-0001-0001-0001-000000000006}.WASI|x86.Build.0 = WASI|Any CPU
		{A1B2C3D4-0001-0001-0001-000000000007}.Debug|Any CPU.ActiveCfg = Debug|Any CPU
		{A1B2C3D4-0001-0001-0001-000000000007}.Debug|Any CPU.Build.0 = Debug|Any CPU
		{A1B2C3D4-0001-0001-0001-000000000007}.Debug|x64.ActiveCfg = Debug|Any CPU
		{A1B2C3D4-0001-0001-0001-000000000007}.Debug|x64.Build.0 = Debug|Any CPU
		{A1B2C3D4-0001-0001-0001-000000000007}.Debug|x86.ActiveCfg = Debug|Any CPU
		{A1B2C3D4-0001-0001-0001-000000000007}.Debug|x86.Build.0 = Debug|Any CPU
		{A1B2C3D4-0001-0001-0001-000000000007}.Release|Any CPU.ActiveCfg = Release|Any CPU
		{A1B2C3D4-0001-0001-0001-000000000007}.Release|Any CPU.Build.0 = Release|Any CPU
		{A1B2C3D4-0001-0001-0001-000000000007}.Release|x64.ActiveCfg = Release|Any CPU
		{A1B2C3D4-0001-0001-0001-000000000007}.Release|x64.Build.0 = Release|Any CPU
		{A1B2C3D4-0001-0001-0001-000000000007}.Release|x86.ActiveCfg = Release|Any CPU
		{A1B2C3D4-0001-0001-0001-000000000007}.Release|x86.Build.0 = Release|Any CPU
		{A1B2C3D4-0001-0001-0001-000000000007}.WASI|Any CPU.ActiveCfg = WASI|Any CPU
		{A1B2C3D4-0001-0001-0001-000000000007}.WASI|Any CPU.Build.0 = WASI|Any CPU
		{A1B2C3D4-0001-0001-0001-000000000007}.WASI|x64.ActiveCfg = WASI|Any CPU
		{A1B2C3D4-0001-0001-0001-000000000007}.WASI|x64.Build.0 = WASI|Any CPU
		{A1B2C3D4-0001-0001-0001-000000000007}.WASI|x86.ActiveCfg = WASI|Any CPU
		{A1B2C3D4-0001-0001-0001-000000000007}.WASI|x86.Build.0 = WASI|Any CPU
		{6FDB2772-30C6-4145-97AD-D8B83591B359}.Debug|Any CPU.ActiveCfg = Debug|Any CPU
		{6FDB2772-30C6-4145-97AD-D8B83591B359}.Debug|Any CPU.Build.0 = Debug|Any CPU
		{6FDB2772-30C6-4145-97AD-D8B83591B359}.Debug|x64.ActiveCfg = Debug|Any CPU
		{6FDB2772-30C6-4145-97AD-D8B83591B359}.Debug|x64.Build.0 = Debug|Any CPU
		{6FDB2772-30C6-4145-97AD-D8B83591B359}.Debug|x86.ActiveCfg = Debug|Any CPU
		{6FDB2772-30C6-4145-97AD-D8B83591B359}.Debug|x86.Build.0 = Debug|Any CPU
		{6FDB2772-30C6-4145-97AD-D8B83591B359}.Release|Any CPU.ActiveCfg = Release|Any CPU
		{6FDB2772-30C6-4145-97AD-D8B83591B359}.Release|Any CPU.Build.0 = Release|Any CPU
		{6FDB2772-30C6-4145-97AD-D8B83591B359}.Release|x64.ActiveCfg = Release|Any CPU
		{6FDB2772-30C6-4145-97AD-D8B83591B359}.Release|x64.Build.0 = Release|Any CPU
		{6FDB2772-30C6-4145-97AD-D8B83591B359}.Release|x86.ActiveCfg = Release|Any CPU
		{6FDB2772-30C6-4145-97AD-D8B83591B359}.Release|x86.Build.0 = Release|Any CPU
		{6FDB2772-30C6-4145-97AD-D8B83591B359}.WASI|Any CPU.ActiveCfg = Debug|Any CPU
		{6FDB2772-30C6-4145-97AD-D8B83591B359}.WASI|Any CPU.Build.0 = Debug|Any CPU
		{6FDB2772-30C6-4145-97AD-D8B83591B359}.WASI|x64.ActiveCfg = Debug|Any CPU
		{6FDB2772-30C6-4145-97AD-D8B83591B359}.WASI|x64.Build.0 = Debug|Any CPU
		{6FDB2772-30C6-4145-97AD-D8B83591B359}.WASI|x86.ActiveCfg = Debug|Any CPU
		{6FDB2772-30C6-4145-97AD-D8B83591B359}.WASI|x86.Build.0 = Debug|Any CPU
		{8A66D923-E9F1-4E3B-AA42-6353C318EC6A}.Debug|Any CPU.ActiveCfg = Debug|Any CPU
		{8A66D923-E9F1-4E3B-AA42-6353C318EC6A}.Debug|Any CPU.Build.0 = Debug|Any CPU
		{8A66D923-E9F1-4E3B-AA42-6353C318EC6A}.Debug|x64.ActiveCfg = Debug|Any CPU
		{8A66D923-E9F1-4E3B-AA42-6353C318EC6A}.Debug|x64.Build.0 = Debug|Any CPU
		{8A66D923-E9F1-4E3B-AA42-6353C318EC6A}.Debug|x86.ActiveCfg = Debug|Any CPU
		{8A66D923-E9F1-4E3B-AA42-6353C318EC6A}.Debug|x86.Build.0 = Debug|Any CPU
		{8A66D923-E9F1-4E3B-AA42-6353C318EC6A}.Release|Any CPU.ActiveCfg = Release|Any CPU
		{8A66D923-E9F1-4E3B-AA42-6353C318EC6A}.Release|Any CPU.Build.0 = Release|Any CPU
		{8A66D923-E9F1-4E3B-AA42-6353C318EC6A}.Release|x64.ActiveCfg = Release|Any CPU
		{8A66D923-E9F1-4E3B-AA42-6353C318EC6A}.Release|x64.Build.0 = Release|Any CPU
		{8A66D923-E9F1-4E3B-AA42-6353C318EC6A}.Release|x86.ActiveCfg = Release|Any CPU
		{8A66D923-E9F1-4E3B-AA42-6353C318EC6A}.Release|x86.Build.0 = Release|Any CPU
		{8A66D923-E9F1-4E3B-AA42-6353C318EC6A}.WASI|Any CPU.ActiveCfg = Debug|Any CPU
		{8A66D923-E9F1-4E3B-AA42-6353C318EC6A}.WASI|Any CPU.Build.0 = Debug|Any CPU
		{8A66D923-E9F1-4E3B-AA42-6353C318EC6A}.WASI|x64.ActiveCfg = Debug|Any CPU
		{8A66D923-E9F1-4E3B-AA42-6353C318EC6A}.WASI|x64.Build.0 = Debug|Any CPU
		{8A66D923-E9F1-4E3B-AA42-6353C318EC6A}.WASI|x86.ActiveCfg = Debug|Any CPU
		{8A66D923-E9F1-4E3B-AA42-6353C318EC6A}.WASI|x86.Build.0 = Debug|Any CPU
		{682E1506-A72E-4616-95AA-005386A5FDDA}.Debug|Any CPU.ActiveCfg = Debug|Any CPU
		{682E1506-A72E-4616-95AA-005386A5FDDA}.Debug|Any CPU.Build.0 = Debug|Any CPU
		{682E1506-A72E-4616-95AA-005386A5FDDA}.Debug|x64.ActiveCfg = Debug|Any CPU
		{682E1506-A72E-4616-95AA-005386A5FDDA}.Debug|x64.Build.0 = Debug|Any CPU
		{682E1506-A72E-4616-95AA-005386A5FDDA}.Debug|x86.ActiveCfg = Debug|Any CPU
		{682E1506-A72E-4616-95AA-005386A5FDDA}.Debug|x86.Build.0 = Debug|Any CPU
		{682E1506-A72E-4616-95AA-005386A5FDDA}.Release|Any CPU.ActiveCfg = Release|Any CPU
		{682E1506-A72E-4616-95AA-005386A5FDDA}.Release|Any CPU.Build.0 = Release|Any CPU
		{682E1506-A72E-4616-95AA-005386A5FDDA}.Release|x64.ActiveCfg = Release|Any CPU
		{682E1506-A72E-4616-95AA-005386A5FDDA}.Release|x64.Build.0 = Release|Any CPU
		{682E1506-A72E-4616-95AA-005386A5FDDA}.Release|x86.ActiveCfg = Release|Any CPU
		{682E1506-A72E-4616-95AA-005386A5FDDA}.Release|x86.Build.0 = Release|Any CPU
		{682E1506-A72E-4616-95AA-005386A5FDDA}.WASI|Any CPU.ActiveCfg = Debug|Any CPU
		{682E1506-A72E-4616-95AA-005386A5FDDA}.WASI|Any CPU.Build.0 = Debug|Any CPU
		{682E1506-A72E-4616-95AA-005386A5FDDA}.WASI|x64.ActiveCfg = Debug|Any CPU
		{682E1506-A72E-4616-95AA-005386A5FDDA}.WASI|x64.Build.0 = Debug|Any CPU
		{682E1506-A72E-4616-95AA-005386A5FDDA}.WASI|x86.ActiveCfg = Debug|Any CPU
		{682E1506-A72E-4616-95AA-005386A5FDDA}.WASI|x86.Build.0 = Debug|Any CPU
		{C1F7764F-4964-4BA9-AE08-659AC760D407}.Debug|Any CPU.ActiveCfg = Debug|Any CPU
		{C1F7764F-4964-4BA9-AE08-659AC760D407}.Debug|Any CPU.Build.0 = Debug|Any CPU
		{C1F7764F-4964-4BA9-AE08-659AC760D407}.Debug|x64.ActiveCfg = Debug|Any CPU
		{C1F7764F-4964-4BA9-AE08-659AC760D407}.Debug|x64.Build.0 = Debug|Any CPU
		{C1F7764F-4964-4BA9-AE08-659AC760D407}.Debug|x86.ActiveCfg = Debug|Any CPU
		{C1F7764F-4964-4BA9-AE08-659AC760D407}.Debug|x86.Build.0 = Debug|Any CPU
		{C1F7764F-4964-4BA9-AE08-659AC760D407}.Release|Any CPU.ActiveCfg = Release|Any CPU
		{C1F7764F-4964-4BA9-AE08-659AC760D407}.Release|Any CPU.Build.0 = Release|Any CPU
		{C1F7764F-4964-4BA9-AE08-659AC760D407}.Release|x64.ActiveCfg = Release|Any CPU
		{C1F7764F-4964-4BA9-AE08-659AC760D407}.Release|x64.Build.0 = Release|Any CPU
		{C1F7764F-4964-4BA9-AE08-659AC760D407}.Release|x86.ActiveCfg = Release|Any CPU
		{C1F7764F-4964-4BA9-AE08-659AC760D407}.Release|x86.Build.0 = Release|Any CPU
		{C1F7764F-4964-4BA9-AE08-659AC760D407}.WASI|Any CPU.ActiveCfg = Debug|Any CPU
		{C1F7764F-4964-4BA9-AE08-659AC760D407}.WASI|Any CPU.Build.0 = Debug|Any CPU
		{C1F7764F-4964-4BA9-AE08-659AC760D407}.WASI|x64.ActiveCfg = Debug|Any CPU
		{C1F7764F-4964-4BA9-AE08-659AC760D407}.WASI|x64.Build.0 = Debug|Any CPU
		{C1F7764F-4964-4BA9-AE08-659AC760D407}.WASI|x86.ActiveCfg = Debug|Any CPU
		{C1F7764F-4964-4BA9-AE08-659AC760D407}.WASI|x86.Build.0 = Debug|Any CPU
		{5486B921-1D3F-4054-9C55-9EF13A4C9900}.Debug|Any CPU.ActiveCfg = Debug|Any CPU
		{5486B921-1D3F-4054-9C55-9EF13A4C9900}.Debug|Any CPU.Build.0 = Debug|Any CPU
		{5486B921-1D3F-4054-9C55-9EF13A4C9900}.Debug|x64.ActiveCfg = Debug|Any CPU
		{5486B921-1D3F-4054-9C55-9EF13A4C9900}.Debug|x64.Build.0 = Debug|Any CPU
		{5486B921-1D3F-4054-9C55-9EF13A4C9900}.Debug|x86.ActiveCfg = Debug|Any CPU
		{5486B921-1D3F-4054-9C55-9EF13A4C9900}.Debug|x86.Build.0 = Debug|Any CPU
		{5486B921-1D3F-4054-9C55-9EF13A4C9900}.Release|Any CPU.ActiveCfg = Release|Any CPU
		{5486B921-1D3F-4054-9C55-9EF13A4C9900}.Release|Any CPU.Build.0 = Release|Any CPU
		{5486B921-1D3F-4054-9C55-9EF13A4C9900}.Release|x64.ActiveCfg = Release|Any CPU
		{5486B921-1D3F-4054-9C55-9EF13A4C9900}.Release|x64.Build.0 = Release|Any CPU
		{5486B921-1D3F-4054-9C55-9EF13A4C9900}.Release|x86.ActiveCfg = Release|Any CPU
		{5486B921-1D3F-4054-9C55-9EF13A4C9900}.Release|x86.Build.0 = Release|Any CPU
		{5486B921-1D3F-4054-9C55-9EF13A4C9900}.WASI|Any CPU.ActiveCfg = Debug|Any CPU
		{5486B921-1D3F-4054-9C55-9EF13A4C9900}.WASI|Any CPU.Build.0 = Debug|Any CPU
		{5486B921-1D3F-4054-9C55-9EF13A4C9900}.WASI|x64.ActiveCfg = Debug|Any CPU
		{5486B921-1D3F-4054-9C55-9EF13A4C9900}.WASI|x64.Build.0 = Debug|Any CPU
		{5486B921-1D3F-4054-9C55-9EF13A4C9900}.WASI|x86.ActiveCfg = Debug|Any CPU
		{5486B921-1D3F-4054-9C55-9EF13A4C9900}.WASI|x86.Build.0 = Debug|Any CPU
		{7BE83DE1-37F0-429F-9591-353981A63503}.Debug|Any CPU.ActiveCfg = Debug|Any CPU
		{7BE83DE1-37F0-429F-9591-353981A63503}.Debug|Any CPU.Build.0 = Debug|Any CPU
		{7BE83DE1-37F0-429F-9591-353981A63503}.Debug|x64.ActiveCfg = Debug|Any CPU
		{7BE83DE1-37F0-429F-9591-353981A63503}.Debug|x64.Build.0 = Debug|Any CPU
		{7BE83DE1-37F0-429F-9591-353981A63503}.Debug|x86.ActiveCfg = Debug|Any CPU
		{7BE83DE1-37F0-429F-9591-353981A63503}.Debug|x86.Build.0 = Debug|Any CPU
		{7BE83DE1-37F0-429F-9591-353981A63503}.Release|Any CPU.ActiveCfg = Release|Any CPU
		{7BE83DE1-37F0-429F-9591-353981A63503}.Release|Any CPU.Build.0 = Release|Any CPU
		{7BE83DE1-37F0-429F-9591-353981A63503}.Release|x64.ActiveCfg = Release|Any CPU
		{7BE83DE1-37F0-429F-9591-353981A63503}.Release|x64.Build.0 = Release|Any CPU
		{7BE83DE1-37F0-429F-9591-353981A63503}.Release|x86.ActiveCfg = Release|Any CPU
		{7BE83DE1-37F0-429F-9591-353981A63503}.Release|x86.Build.0 = Release|Any CPU
		{7BE83DE1-37F0-429F-9591-353981A63503}.WASI|Any CPU.ActiveCfg = Debug|Any CPU
		{7BE83DE1-37F0-429F-9591-353981A63503}.WASI|Any CPU.Build.0 = Debug|Any CPU
		{7BE83DE1-37F0-429F-9591-353981A63503}.WASI|x64.ActiveCfg = Debug|Any CPU
		{7BE83DE1-37F0-429F-9591-353981A63503}.WASI|x64.Build.0 = Debug|Any CPU
		{7BE83DE1-37F0-429F-9591-353981A63503}.WASI|x86.ActiveCfg = Debug|Any CPU
		{7BE83DE1-37F0-429F-9591-353981A63503}.WASI|x86.Build.0 = Debug|Any CPU
	EndGlobalSection
	GlobalSection(SolutionProperties) = preSolution
		HideSolutionNode = FALSE
	EndGlobalSection
	GlobalSection(NestedProjects) = preSolution
		{6FDB2772-30C6-4145-97AD-D8B83591B359} = {0AB3BF05-4346-4AA6-1389-037BE0695223}
		{8A66D923-E9F1-4E3B-AA42-6353C318EC6A} = {827E0CD3-B72D-47B6-A68D-7590B98EB39B}
		{682E1506-A72E-4616-95AA-005386A5FDDA} = {0AB3BF05-4346-4AA6-1389-037BE0695223}
		{C1F7764F-4964-4BA9-AE08-659AC760D407} = {0AB3BF05-4346-4AA6-1389-037BE0695223}
		{5486B921-1D3F-4054-9C55-9EF13A4C9900} = {827E0CD3-B72D-47B6-A68D-7590B98EB39B}
		{7BE83DE1-37F0-429F-9591-353981A63503} = {0AB3BF05-4346-4AA6-1389-037BE0695223}
	EndGlobalSection
EndGlobal
